
Microsoft Visual Studio Solution File, Format Version 12.00
# Visual Studio 15
VisualStudioVersion = 15.0.28307.168
MinimumVisualStudioVersion = 10.0.40219.1
Project("{9A19103F-16F7-4668-BE54-9A1E7A4F7556}") = "PayOnlyWebApp", "PayOnlyWebApp\PayOnlyWebApp.csproj", "{1AE93F37-41CF-4335-A223-5209CD2AFCEA}"
EndProject
Global
	GlobalSection(SolutionConfigurationPlatforms) = preSolution
		Debug|Any CPU = Debug|Any CPU
		Release|Any CPU = Release|Any CPU
	EndGlobalSection
	GlobalSection(ProjectConfigurationPlatforms) = postSolution
		{1AE93F37-41CF-4335-A223-5209CD2AFCEA}.Debug|Any CPU.ActiveCfg = Debug|Any CPU
		{1AE93F37-41CF-4335-A223-5209CD2AFCEA}.Debug|Any CPU.Build.0 = Debug|Any CPU
		{1AE93F37-41CF-4335-A223-5209CD2AFCEA}.Release|Any CPU.ActiveCfg = Release|Any CPU
		{1AE93F37-41CF-4335-A223-5209CD2AFCEA}.Release|Any CPU.Build.0 = Release|Any CPU
	EndGlobalSection
	GlobalSection(SolutionProperties) = preSolution
		HideSolutionNode = FALSE
	EndGlobalSection
	GlobalSection(ExtensibilityGlobals) = postSolution
		SolutionGuid = {8267B2E7-3476-48CE-A245-556DDADC1548}
	EndGlobalSection
EndGlobal
